// !$*UTF8*$!
{
	archiveVersion = 1;
	classes = {
	};
	objectVersion = 56;
	objects = {

/* Begin PBXBuildFile section */
		4334B0F529D48CED00C05B44 /* CapstoneApp.swift in Sources */ = {isa = PBXBuildFile; fileRef = 4334B0F429D48CED00C05B44 /* CapstoneApp.swift */; };
		4334B0F729D48CED00C05B44 /* LoginPage.swift in Sources */ = {isa = PBXBuildFile; fileRef = 4334B0F629D48CED00C05B44 /* LoginPage.swift */; };
		4334B0F929D48CEF00C05B44 /* Assets.xcassets in Resources */ = {isa = PBXBuildFile; fileRef = 4334B0F829D48CEF00C05B44 /* Assets.xcassets */; };
		4334B0FD29D48CEF00C05B44 /* Preview Assets.xcassets in Resources */ = {isa = PBXBuildFile; fileRef = 4334B0FC29D48CEF00C05B44 /* Preview Assets.xcassets */; };
		4334B10729D48CF000C05B44 /* CapstoneTests.swift in Sources */ = {isa = PBXBuildFile; fileRef = 4334B10629D48CF000C05B44 /* CapstoneTests.swift */; };
		4334B11129D48CF000C05B44 /* CapstoneUITests.swift in Sources */ = {isa = PBXBuildFile; fileRef = 4334B11029D48CF000C05B44 /* CapstoneUITests.swift */; };
		4334B11329D48CF000C05B44 /* CapstoneUITestsLaunchTests.swift in Sources */ = {isa = PBXBuildFile; fileRef = 4334B11229D48CF000C05B44 /* CapstoneUITestsLaunchTests.swift */; };
		436C599F29FD451100291C15 /* LoginModal.swift in Sources */ = {isa = PBXBuildFile; fileRef = 436C599E29FD451100291C15 /* LoginModal.swift */; };
		436C59A229FD45E000291C15 /* Webservice.swift in Sources */ = {isa = PBXBuildFile; fileRef = 436C59A129FD45E000291C15 /* Webservice.swift */; };
		43848DA829D6012C00ABD724 /* Allergies.swift in Sources */ = {isa = PBXBuildFile; fileRef = 43848DA729D6012C00ABD724 /* Allergies.swift */; };
		43848DAA29D6B4BA00ABD724 /* UnderlyingDisease.swift in Sources */ = {isa = PBXBuildFile; fileRef = 43848DA929D6B4BA00ABD724 /* UnderlyingDisease.swift */; };
		4393312429D4AA6E0052332D /* NectarMain.swift in Sources */ = {isa = PBXBuildFile; fileRef = 4393312329D4AA6E0052332D /* NectarMain.swift */; };
		4393312629D56C850052332D /* PatientDetails.swift in Sources */ = {isa = PBXBuildFile; fileRef = 4393312529D56C850052332D /* PatientDetails.swift */; };
		4393312829D597990052332D /* Relative.swift in Sources */ = {isa = PBXBuildFile; fileRef = 4393312729D597990052332D /* Relative.swift */; };
		4393312A29D59C4B0052332D /* Emergency.swift in Sources */ = {isa = PBXBuildFile; fileRef = 4393312929D59C4B0052332D /* Emergency.swift */; };
		4393312C29D5F6340052332D /* CurrentMedication.swift in Sources */ = {isa = PBXBuildFile; fileRef = 4393312B29D5F6340052332D /* CurrentMedication.swift */; };
		4395A9F429FD3E1C005ACCD7 /* SwiftJWT in Frameworks */ = {isa = PBXBuildFile; productRef = 4395A9F329FD3E1C005ACCD7 /* SwiftJWT */; };
		43AF40C529FEA2A400BD2D95 /* PhoneNumberKit in Frameworks */ = {isa = PBXBuildFile; productRef = 43AF40C429FEA2A400BD2D95 /* PhoneNumberKit */; };
/* End PBXBuildFile section */

/* Begin PBXContainerItemProxy section */
		4334B10329D48CF000C05B44 /* PBXContainerItemProxy */ = {
			isa = PBXContainerItemProxy;
			containerPortal = 4334B0E929D48CED00C05B44 /* Project object */;
			proxyType = 1;
			remoteGlobalIDString = 4334B0F029D48CED00C05B44;
			remoteInfo = Capstone;
		};
		4334B10D29D48CF000C05B44 /* PBXContainerItemProxy */ = {
			isa = PBXContainerItemProxy;
			containerPortal = 4334B0E929D48CED00C05B44 /* Project object */;
			proxyType = 1;
			remoteGlobalIDString = 4334B0F029D48CED00C05B44;
			remoteInfo = Capstone;
		};
/* End PBXContainerItemProxy section */

/* Begin PBXFileReference section */
		4308DCFB29FBADF900EA33EF /* Info.plist */ = {isa = PBXFileReference; lastKnownFileType = text.plist; path = Info.plist; sourceTree = "<group>"; };
		4334B0F129D48CED00C05B44 /* Capstone.app */ = {isa = PBXFileReference; explicitFileType = wrapper.application; includeInIndex = 0; path = Capstone.app; sourceTree = BUILT_PRODUCTS_DIR; };
		4334B0F429D48CED00C05B44 /* CapstoneApp.swift */ = {isa = PBXFileReference; lastKnownFileType = sourcecode.swift; path = CapstoneApp.swift; sourceTree = "<group>"; };
		4334B0F629D48CED00C05B44 /* LoginPage.swift */ = {isa = PBXFileReference; lastKnownFileType = sourcecode.swift; path = LoginPage.swift; sourceTree = "<group>"; };
		4334B0F829D48CEF00C05B44 /* Assets.xcassets */ = {isa = PBXFileReference; lastKnownFileType = folder.assetcatalog; path = Assets.xcassets; sourceTree = "<group>"; };
		4334B0FA29D48CEF00C05B44 /* Capstone.entitlements */ = {isa = PBXFileReference; lastKnownFileType = text.plist.entitlements; path = Capstone.entitlements; sourceTree = "<group>"; };
		4334B0FC29D48CEF00C05B44 /* Preview Assets.xcassets */ = {isa = PBXFileReference; lastKnownFileType = folder.assetcatalog; path = "Preview Assets.xcassets"; sourceTree = "<group>"; };
		4334B10229D48CF000C05B44 /* CapstoneTests.xctest */ = {isa = PBXFileReference; explicitFileType = wrapper.cfbundle; includeInIndex = 0; path = CapstoneTests.xctest; sourceTree = BUILT_PRODUCTS_DIR; };
		4334B10629D48CF000C05B44 /* CapstoneTests.swift */ = {isa = PBXFileReference; lastKnownFileType = sourcecode.swift; path = CapstoneTests.swift; sourceTree = "<group>"; };
		4334B10C29D48CF000C05B44 /* CapstoneUITests.xctest */ = {isa = PBXFileReference; explicitFileType = wrapper.cfbundle; includeInIndex = 0; path = CapstoneUITests.xctest; sourceTree = BUILT_PRODUCTS_DIR; };
		4334B11029D48CF000C05B44 /* CapstoneUITests.swift */ = {isa = PBXFileReference; lastKnownFileType = sourcecode.swift; path = CapstoneUITests.swift; sourceTree = "<group>"; };
		4334B11229D48CF000C05B44 /* CapstoneUITestsLaunchTests.swift */ = {isa = PBXFileReference; lastKnownFileType = sourcecode.swift; path = CapstoneUITestsLaunchTests.swift; sourceTree = "<group>"; };
		436C599E29FD451100291C15 /* LoginModal.swift */ = {isa = PBXFileReference; lastKnownFileType = sourcecode.swift; path = LoginModal.swift; sourceTree = "<group>"; };
		436C59A129FD45E000291C15 /* Webservice.swift */ = {isa = PBXFileReference; lastKnownFileType = sourcecode.swift; path = Webservice.swift; sourceTree = "<group>"; };
		43848DA729D6012C00ABD724 /* Allergies.swift */ = {isa = PBXFileReference; lastKnownFileType = sourcecode.swift; path = Allergies.swift; sourceTree = "<group>"; };
		43848DA929D6B4BA00ABD724 /* UnderlyingDisease.swift */ = {isa = PBXFileReference; lastKnownFileType = sourcecode.swift; path = UnderlyingDisease.swift; sourceTree = "<group>"; };
		4393312329D4AA6E0052332D /* NectarMain.swift */ = {isa = PBXFileReference; lastKnownFileType = sourcecode.swift; path = NectarMain.swift; sourceTree = "<group>"; };
		4393312529D56C850052332D /* PatientDetails.swift */ = {isa = PBXFileReference; lastKnownFileType = sourcecode.swift; path = PatientDetails.swift; sourceTree = "<group>"; };
		4393312729D597990052332D /* Relative.swift */ = {isa = PBXFileReference; lastKnownFileType = sourcecode.swift; path = Relative.swift; sourceTree = "<group>"; };
		4393312929D59C4B0052332D /* Emergency.swift */ = {isa = PBXFileReference; lastKnownFileType = sourcecode.swift; path = Emergency.swift; sourceTree = "<group>"; };
		4393312B29D5F6340052332D /* CurrentMedication.swift */ = {isa = PBXFileReference; lastKnownFileType = sourcecode.swift; path = CurrentMedication.swift; sourceTree = "<group>"; };
/* End PBXFileReference section */

/* Begin PBXFrameworksBuildPhase section */
		4334B0EE29D48CED00C05B44 /* Frameworks */ = {
			isa = PBXFrameworksBuildPhase;
			buildActionMask = 2147483647;
			files = (
				4395A9F429FD3E1C005ACCD7 /* SwiftJWT in Frameworks */,
				43AF40C529FEA2A400BD2D95 /* PhoneNumberKit in Frameworks */,
			);
			runOnlyForDeploymentPostprocessing = 0;
		};
		4334B0FF29D48CF000C05B44 /* Frameworks */ = {
			isa = PBXFrameworksBuildPhase;
			buildActionMask = 2147483647;
			files = (
			);
			runOnlyForDeploymentPostprocessing = 0;
		};
		4334B10929D48CF000C05B44 /* Frameworks */ = {
			isa = PBXFrameworksBuildPhase;
			buildActionMask = 2147483647;
			files = (
			);
			runOnlyForDeploymentPostprocessing = 0;
		};
/* End PBXFrameworksBuildPhase section */

/* Begin PBXGroup section */
		4334B0E829D48CED00C05B44 = {
			isa = PBXGroup;
			children = (
				4334B0F329D48CED00C05B44 /* Capstone */,
				4334B10529D48CF000C05B44 /* CapstoneTests */,
				4334B10F29D48CF000C05B44 /* CapstoneUITests */,
				4334B0F229D48CED00C05B44 /* Products */,
			);
			sourceTree = "<group>";
		};
		4334B0F229D48CED00C05B44 /* Products */ = {
			isa = PBXGroup;
			children = (
				4334B0F129D48CED00C05B44 /* Capstone.app */,
				4334B10229D48CF000C05B44 /* CapstoneTests.xctest */,
				4334B10C29D48CF000C05B44 /* CapstoneUITests.xctest */,
			);
			name = Products;
			sourceTree = "<group>";
		};
		4334B0F329D48CED00C05B44 /* Capstone */ = {
			isa = PBXGroup;
			children = (
				436C59A029FD45CB00291C15 /* Services */,
				436C599D29FD44FE00291C15 /* ViewModal */,
				4308DCFB29FBADF900EA33EF /* Info.plist */,
				4334B0F429D48CED00C05B44 /* CapstoneApp.swift */,
				4334B0F629D48CED00C05B44 /* LoginPage.swift */,
				4393312529D56C850052332D /* PatientDetails.swift */,
				4393312729D597990052332D /* Relative.swift */,
				4393312B29D5F6340052332D /* CurrentMedication.swift */,
				43848DA729D6012C00ABD724 /* Allergies.swift */,
				43848DA929D6B4BA00ABD724 /* UnderlyingDisease.swift */,
				4393312929D59C4B0052332D /* Emergency.swift */,
				4393312329D4AA6E0052332D /* NectarMain.swift */,
				4334B0F829D48CEF00C05B44 /* Assets.xcassets */,
				4334B0FA29D48CEF00C05B44 /* Capstone.entitlements */,
				4334B0FB29D48CEF00C05B44 /* Preview Content */,
			);
			path = Capstone;
			sourceTree = "<group>";
		};
		4334B0FB29D48CEF00C05B44 /* Preview Content */ = {
			isa = PBXGroup;
			children = (
				4334B0FC29D48CEF00C05B44 /* Preview Assets.xcassets */,
			);
			path = "Preview Content";
			sourceTree = "<group>";
		};
		4334B10529D48CF000C05B44 /* CapstoneTests */ = {
			isa = PBXGroup;
			children = (
				4334B10629D48CF000C05B44 /* CapstoneTests.swift */,
			);
			path = CapstoneTests;
			sourceTree = "<group>";
		};
		4334B10F29D48CF000C05B44 /* CapstoneUITests */ = {
			isa = PBXGroup;
			children = (
				4334B11029D48CF000C05B44 /* CapstoneUITests.swift */,
				4334B11229D48CF000C05B44 /* CapstoneUITestsLaunchTests.swift */,
			);
			path = CapstoneUITests;
			sourceTree = "<group>";
		};
		436C599D29FD44FE00291C15 /* ViewModal */ = {
			isa = PBXGroup;
			children = (
				436C599E29FD451100291C15 /* LoginModal.swift */,
			);
			path = ViewModal;
			sourceTree = "<group>";
		};
		436C59A029FD45CB00291C15 /* Services */ = {
			isa = PBXGroup;
			children = (
				436C59A129FD45E000291C15 /* Webservice.swift */,
			);
			path = Services;
			sourceTree = "<group>";
		};
/* End PBXGroup section */

/* Begin PBXNativeTarget section */
		4334B0F029D48CED00C05B44 /* Capstone */ = {
			isa = PBXNativeTarget;
			buildConfigurationList = 4334B11629D48CF000C05B44 /* Build configuration list for PBXNativeTarget "Capstone" */;
			buildPhases = (
				4334B0ED29D48CED00C05B44 /* Sources */,
				4334B0EE29D48CED00C05B44 /* Frameworks */,
				4334B0EF29D48CED00C05B44 /* Resources */,
			);
			buildRules = (
			);
			dependencies = (
			);
			name = Capstone;
			packageProductDependencies = (
				4395A9F329FD3E1C005ACCD7 /* SwiftJWT */,
				43AF40C429FEA2A400BD2D95 /* PhoneNumberKit */,
			);
			productName = Capstone;
			productReference = 4334B0F129D48CED00C05B44 /* Capstone.app */;
			productType = "com.apple.product-type.application";
		};
		4334B10129D48CF000C05B44 /* CapstoneTests */ = {
			isa = PBXNativeTarget;
			buildConfigurationList = 4334B11929D48CF000C05B44 /* Build configuration list for PBXNativeTarget "CapstoneTests" */;
			buildPhases = (
				4334B0FE29D48CF000C05B44 /* Sources */,
				4334B0FF29D48CF000C05B44 /* Frameworks */,
				4334B10029D48CF000C05B44 /* Resources */,
			);
			buildRules = (
			);
			dependencies = (
				4334B10429D48CF000C05B44 /* PBXTargetDependency */,
			);
			name = CapstoneTests;
			productName = CapstoneTests;
			productReference = 4334B10229D48CF000C05B44 /* CapstoneTests.xctest */;
			productType = "com.apple.product-type.bundle.unit-test";
		};
		4334B10B29D48CF000C05B44 /* CapstoneUITests */ = {
			isa = PBXNativeTarget;
			buildConfigurationList = 4334B11C29D48CF000C05B44 /* Build configuration list for PBXNativeTarget "CapstoneUITests" */;
			buildPhases = (
				4334B10829D48CF000C05B44 /* Sources */,
				4334B10929D48CF000C05B44 /* Frameworks */,
				4334B10A29D48CF000C05B44 /* Resources */,
			);
			buildRules = (
			);
			dependencies = (
				4334B10E29D48CF000C05B44 /* PBXTargetDependency */,
			);
			name = CapstoneUITests;
			productName = CapstoneUITests;
			productReference = 4334B10C29D48CF000C05B44 /* CapstoneUITests.xctest */;
			productType = "com.apple.product-type.bundle.ui-testing";
		};
/* End PBXNativeTarget section */

/* Begin PBXProject section */
		4334B0E929D48CED00C05B44 /* Project object */ = {
			isa = PBXProject;
			attributes = {
				BuildIndependentTargetsInParallel = 1;
				LastSwiftUpdateCheck = 1420;
				LastUpgradeCheck = 1420;
				TargetAttributes = {
					4334B0F029D48CED00C05B44 = {
						CreatedOnToolsVersion = 14.2;
					};
					4334B10129D48CF000C05B44 = {
						CreatedOnToolsVersion = 14.2;
						TestTargetID = 4334B0F029D48CED00C05B44;
					};
					4334B10B29D48CF000C05B44 = {
						CreatedOnToolsVersion = 14.2;
						TestTargetID = 4334B0F029D48CED00C05B44;
					};
				};
			};
			buildConfigurationList = 4334B0EC29D48CED00C05B44 /* Build configuration list for PBXProject "Capstone" */;
			compatibilityVersion = "Xcode 14.0";
			developmentRegion = en;
			hasScannedForEncodings = 0;
			knownRegions = (
				en,
				Base,
			);
			mainGroup = 4334B0E829D48CED00C05B44;
			packageReferences = (
				4395A9F229FD3E1B005ACCD7 /* XCRemoteSwiftPackageReference "Swift-JWT" */,
				43AF40C329FEA2A400BD2D95 /* XCRemoteSwiftPackageReference "PhoneNumberKit" */,
			);
			productRefGroup = 4334B0F229D48CED00C05B44 /* Products */;
			projectDirPath = "";
			projectRoot = "";
			targets = (
				4334B0F029D48CED00C05B44 /* Capstone */,
				4334B10129D48CF000C05B44 /* CapstoneTests */,
				4334B10B29D48CF000C05B44 /* CapstoneUITests */,
			);
		};
/* End PBXProject section */

/* Begin PBXResourcesBuildPhase section */
		4334B0EF29D48CED00C05B44 /* Resources */ = {
			isa = PBXResourcesBuildPhase;
			buildActionMask = 2147483647;
			files = (
				4334B0FD29D48CEF00C05B44 /* Preview Assets.xcassets in Resources */,
				4334B0F929D48CEF00C05B44 /* Assets.xcassets in Resources */,
			);
			runOnlyForDeploymentPostprocessing = 0;
		};
		4334B10029D48CF000C05B44 /* Resources */ = {
			isa = PBXResourcesBuildPhase;
			buildActionMask = 2147483647;
			files = (
			);
			runOnlyForDeploymentPostprocessing = 0;
		};
		4334B10A29D48CF000C05B44 /* Resources */ = {
			isa = PBXResourcesBuildPhase;
			buildActionMask = 2147483647;
			files = (
			);
			runOnlyForDeploymentPostprocessing = 0;
		};
/* End PBXResourcesBuildPhase section */

/* Begin PBXSourcesBuildPhase section */
		4334B0ED29D48CED00C05B44 /* Sources */ = {
			isa = PBXSourcesBuildPhase;
			buildActionMask = 2147483647;
			files = (
				4393312429D4AA6E0052332D /* NectarMain.swift in Sources */,
				436C599F29FD451100291C15 /* LoginModal.swift in Sources */,
				4393312C29D5F6340052332D /* CurrentMedication.swift in Sources */,
				43848DA829D6012C00ABD724 /* Allergies.swift in Sources */,
				4393312A29D59C4B0052332D /* Emergency.swift in Sources */,
				4334B0F729D48CED00C05B44 /* LoginPage.swift in Sources */,
				43848DAA29D6B4BA00ABD724 /* UnderlyingDisease.swift in Sources */,
				4393312629D56C850052332D /* PatientDetails.swift in Sources */,
				4334B0F529D48CED00C05B44 /* CapstoneApp.swift in Sources */,
				4393312829D597990052332D /* Relative.swift in Sources */,
				436C59A229FD45E000291C15 /* Webservice.swift in Sources */,
			);
			runOnlyForDeploymentPostprocessing = 0;
		};
		4334B0FE29D48CF000C05B44 /* Sources */ = {
			isa = PBXSourcesBuildPhase;
			buildActionMask = 2147483647;
			files = (
				4334B10729D48CF000C05B44 /* CapstoneTests.swift in Sources */,
			);
			runOnlyForDeploymentPostprocessing = 0;
		};
		4334B10829D48CF000C05B44 /* Sources */ = {
			isa = PBXSourcesBuildPhase;
			buildActionMask = 2147483647;
			files = (
				4334B11329D48CF000C05B44 /* CapstoneUITestsLaunchTests.swift in Sources */,
				4334B11129D48CF000C05B44 /* CapstoneUITests.swift in Sources */,
			);
			runOnlyForDeploymentPostprocessing = 0;
		};
/* End PBXSourcesBuildPhase section */

/* Begin PBXTargetDependency section */
		4334B10429D48CF000C05B44 /* PBXTargetDependency */ = {
			isa = PBXTargetDependency;
			target = 4334B0F029D48CED00C05B44 /* Capstone */;
			targetProxy = 4334B10329D48CF000C05B44 /* PBXContainerItemProxy */;
		};
		4334B10E29D48CF000C05B44 /* PBXTargetDependency */ = {
			isa = PBXTargetDependency;
			target = 4334B0F029D48CED00C05B44 /* Capstone */;
			targetProxy = 4334B10D29D48CF000C05B44 /* PBXContainerItemProxy */;
		};
/* End PBXTargetDependency section */

/* Begin XCBuildConfiguration section */
		4334B11429D48CF000C05B44 /* Debug */ = {
			isa = XCBuildConfiguration;
			buildSettings = {
				ALWAYS_SEARCH_USER_PATHS = NO;
				CLANG_ANALYZER_NONNULL = YES;
				CLANG_ANALYZER_NUMBER_OBJECT_CONVERSION = YES_AGGRESSIVE;
				CLANG_CXX_LANGUAGE_STANDARD = "gnu++20";
				CLANG_ENABLE_MODULES = YES;
				CLANG_ENABLE_OBJC_ARC = YES;
				CLANG_ENABLE_OBJC_WEAK = YES;
				CLANG_WARN_BLOCK_CAPTURE_AUTORELEASING = YES;
				CLANG_WARN_BOOL_CONVERSION = YES;
				CLANG_WARN_COMMA = YES;
				CLANG_WARN_CONSTANT_CONVERSION = YES;
				CLANG_WARN_DEPRECATED_OBJC_IMPLEMENTATIONS = YES;
				CLANG_WARN_DIRECT_OBJC_ISA_USAGE = YES_ERROR;
				CLANG_WARN_DOCUMENTATION_COMMENTS = YES;
				CLANG_WARN_EMPTY_BODY = YES;
				CLANG_WARN_ENUM_CONVERSION = YES;
				CLANG_WARN_INFINITE_RECURSION = YES;
				CLANG_WARN_INT_CONVERSION = YES;
				CLANG_WARN_NON_LITERAL_NULL_CONVERSION = YES;
				CLANG_WARN_OBJC_IMPLICIT_RETAIN_SELF = YES;
				CLANG_WARN_OBJC_LITERAL_CONVERSION = YES;
				CLANG_WARN_OBJC_ROOT_CLASS = YES_ERROR;
				CLANG_WARN_QUOTED_INCLUDE_IN_FRAMEWORK_HEADER = YES;
				CLANG_WARN_RANGE_LOOP_ANALYSIS = YES;
				CLANG_WARN_STRICT_PROTOTYPES = YES;
				CLANG_WARN_SUSPICIOUS_MOVE = YES;
				CLANG_WARN_UNGUARDED_AVAILABILITY = YES_AGGRESSIVE;
				CLANG_WARN_UNREACHABLE_CODE = YES;
				CLANG_WARN__DUPLICATE_METHOD_MATCH = YES;
				COPY_PHASE_STRIP = NO;
				DEBUG_INFORMATION_FORMAT = dwarf;
				ENABLE_STRICT_OBJC_MSGSEND = YES;
				ENABLE_TESTABILITY = YES;
				GCC_C_LANGUAGE_STANDARD = gnu11;
				GCC_DYNAMIC_NO_PIC = NO;
				GCC_NO_COMMON_BLOCKS = YES;
				GCC_OPTIMIZATION_LEVEL = 0;
				GCC_PREPROCESSOR_DEFINITIONS = (
					"DEBUG=1",
					"$(inherited)",
				);
				GCC_WARN_64_TO_32_BIT_CONVERSION = YES;
				GCC_WARN_ABOUT_RETURN_TYPE = YES_ERROR;
				GCC_WARN_UNDECLARED_SELECTOR = YES;
				GCC_WARN_UNINITIALIZED_AUTOS = YES_AGGRESSIVE;
				GCC_WARN_UNUSED_FUNCTION = YES;
				GCC_WARN_UNUSED_VARIABLE = YES;
				MTL_ENABLE_DEBUG_INFO = INCLUDE_SOURCE;
				MTL_FAST_MATH = YES;
				ONLY_ACTIVE_ARCH = YES;
				SWIFT_ACTIVE_COMPILATION_CONDITIONS = DEBUG;
				SWIFT_OPTIMIZATION_LEVEL = "-Onone";
			};
			name = Debug;
		};
		4334B11529D48CF000C05B44 /* Release */ = {
			isa = XCBuildConfiguration;
			buildSettings = {
				ALWAYS_SEARCH_USER_PATHS = NO;
				CLANG_ANALYZER_NONNULL = YES;
				CLANG_ANALYZER_NUMBER_OBJECT_CONVERSION = YES_AGGRESSIVE;
				CLANG_CXX_LANGUAGE_STANDARD = "gnu++20";
				CLANG_ENABLE_MODULES = YES;
				CLANG_ENABLE_OBJC_ARC = YES;
				CLANG_ENABLE_OBJC_WEAK = YES;
				CLANG_WARN_BLOCK_CAPTURE_AUTORELEASING = YES;
				CLANG_WARN_BOOL_CONVERSION = YES;
				CLANG_WARN_COMMA = YES;
				CLANG_WARN_CONSTANT_CONVERSION = YES;
				CLANG_WARN_DEPRECATED_OBJC_IMPLEMENTATIONS = YES;
				CLANG_WARN_DIRECT_OBJC_ISA_USAGE = YES_ERROR;
				CLANG_WARN_DOCUMENTATION_COMMENTS = YES;
				CLANG_WARN_EMPTY_BODY = YES;
				CLANG_WARN_ENUM_CONVERSION = YES;
				CLANG_WARN_INFINITE_RECURSION = YES;
				CLANG_WARN_INT_CONVERSION = YES;
				CLANG_WARN_NON_LITERAL_NULL_CONVERSION = YES;
				CLANG_WARN_OBJC_IMPLICIT_RETAIN_SELF = YES;
				CLANG_WARN_OBJC_LITERAL_CONVERSION = YES;
				CLANG_WARN_OBJC_ROOT_CLASS = YES_ERROR;
				CLANG_WARN_QUOTED_INCLUDE_IN_FRAMEWORK_HEADER = YES;
				CLANG_WARN_RANGE_LOOP_ANALYSIS = YES;
				CLANG_WARN_STRICT_PROTOTYPES = YES;
				CLANG_WARN_SUSPICIOUS_MOVE = YES;
				CLANG_WARN_UNGUARDED_AVAILABILITY = YES_AGGRESSIVE;
				CLANG_WARN_UNREACHABLE_CODE = YES;
				CLANG_WARN__DUPLICATE_METHOD_MATCH = YES;
				COPY_PHASE_STRIP = NO;
				DEBUG_INFORMATION_FORMAT = "dwarf-with-dsym";
				ENABLE_NS_ASSERTIONS = NO;
				ENABLE_STRICT_OBJC_MSGSEND = YES;
				GCC_C_LANGUAGE_STANDARD = gnu11;
				GCC_NO_COMMON_BLOCKS = YES;
				GCC_WARN_64_TO_32_BIT_CONVERSION = YES;
				GCC_WARN_ABOUT_RETURN_TYPE = YES_ERROR;
				GCC_WARN_UNDECLARED_SELECTOR = YES;
				GCC_WARN_UNINITIALIZED_AUTOS = YES_AGGRESSIVE;
				GCC_WARN_UNUSED_FUNCTION = YES;
				GCC_WARN_UNUSED_VARIABLE = YES;
				MTL_ENABLE_DEBUG_INFO = NO;
				MTL_FAST_MATH = YES;
				SWIFT_COMPILATION_MODE = wholemodule;
				SWIFT_OPTIMIZATION_LEVEL = "-O";
			};
			name = Release;
		};
		4334B11729D48CF000C05B44 /* Debug */ = {
			isa = XCBuildConfiguration;
			buildSettings = {
				ASSETCATALOG_COMPILER_APPICON_NAME = AppIcon;
				ASSETCATALOG_COMPILER_GLOBAL_ACCENT_COLOR_NAME = AccentColor;
				CODE_SIGN_ENTITLEMENTS = Capstone/Capstone.entitlements;
				CODE_SIGN_STYLE = Automatic;
				CURRENT_PROJECT_VERSION = 1;
				DEVELOPMENT_ASSET_PATHS = "\"Capstone/Preview Content\"";
				DEVELOPMENT_TEAM = ZGJYX7HZ7U;
				ENABLE_HARDENED_RUNTIME = YES;
				ENABLE_PREVIEWS = YES;
				GENERATE_INFOPLIST_FILE = YES;
				INFOPLIST_FILE = Capstone/Info.plist;
				"INFOPLIST_KEY_UIApplicationSceneManifest_Generation[sdk=iphoneos*]" = YES;
				"INFOPLIST_KEY_UIApplicationSceneManifest_Generation[sdk=iphonesimulator*]" = YES;
				"INFOPLIST_KEY_UIApplicationSupportsIndirectInputEvents[sdk=iphoneos*]" = YES;
				"INFOPLIST_KEY_UIApplicationSupportsIndirectInputEvents[sdk=iphonesimulator*]" = YES;
				"INFOPLIST_KEY_UILaunchScreen_Generation[sdk=iphoneos*]" = YES;
				"INFOPLIST_KEY_UILaunchScreen_Generation[sdk=iphonesimulator*]" = YES;
				"INFOPLIST_KEY_UIStatusBarStyle[sdk=iphoneos*]" = UIStatusBarStyleDefault;
				"INFOPLIST_KEY_UIStatusBarStyle[sdk=iphonesimulator*]" = UIStatusBarStyleDefault;
				INFOPLIST_KEY_UISupportedInterfaceOrientations_iPad = "UIInterfaceOrientationPortrait UIInterfaceOrientationPortraitUpsideDown UIInterfaceOrientationLandscapeLeft UIInterfaceOrientationLandscapeRight";
				INFOPLIST_KEY_UISupportedInterfaceOrientations_iPhone = "UIInterfaceOrientationPortrait UIInterfaceOrientationLandscapeLeft UIInterfaceOrientationLandscapeRight";
				IPHONEOS_DEPLOYMENT_TARGET = 15.6;
				LD_RUNPATH_SEARCH_PATHS = "@executable_path/Frameworks";
				"LD_RUNPATH_SEARCH_PATHS[sdk=macosx*]" = "@executable_path/../Frameworks";
				MACOSX_DEPLOYMENT_TARGET = 13.1;
				MARKETING_VERSION = 1.0;
				PRODUCT_BUNDLE_IDENTIFIER = ".-Capstone";
				PRODUCT_NAME = "$(TARGET_NAME)";
				SDKROOT = auto;
				SUPPORTED_PLATFORMS = "iphoneos iphonesimulator macosx";
				SWIFT_EMIT_LOC_STRINGS = YES;
				SWIFT_VERSION = 5.0;
				TARGETED_DEVICE_FAMILY = "1,2";
			};
			name = Debug;
		};
		4334B11829D48CF000C05B44 /* Release */ = {
			isa = XCBuildConfiguration;
			buildSettings = {
				ASSETCATALOG_COMPILER_APPICON_NAME = AppIcon;
				ASSETCATALOG_COMPILER_GLOBAL_ACCENT_COLOR_NAME = AccentColor;
				CODE_SIGN_ENTITLEMENTS = Capstone/Capstone.entitlements;
				CODE_SIGN_STYLE = Automatic;
				CURRENT_PROJECT_VERSION = 1;
				DEVELOPMENT_ASSET_PATHS = "\"Capstone/Preview Content\"";
				DEVELOPMENT_TEAM = ZGJYX7HZ7U;
				ENABLE_HARDENED_RUNTIME = YES;
				ENABLE_PREVIEWS = YES;
				GENERATE_INFOPLIST_FILE = YES;
				INFOPLIST_FILE = Capstone/Info.plist;
				"INFOPLIST_KEY_UIApplicationSceneManifest_Generation[sdk=iphoneos*]" = YES;
				"INFOPLIST_KEY_UIApplicationSceneManifest_Generation[sdk=iphonesimulator*]" = YES;
				"INFOPLIST_KEY_UIApplicationSupportsIndirectInputEvents[sdk=iphoneos*]" = YES;
				"INFOPLIST_KEY_UIApplicationSupportsIndirectInputEvents[sdk=iphonesimulator*]" = YES;
				"INFOPLIST_KEY_UILaunchScreen_Generation[sdk=iphoneos*]" = YES;
				"INFOPLIST_KEY_UILaunchScreen_Generation[sdk=iphonesimulator*]" = YES;
				"INFOPLIST_KEY_UIStatusBarStyle[sdk=iphoneos*]" = UIStatusBarStyleDefault;
				"INFOPLIST_KEY_UIStatusBarStyle[sdk=iphonesimulator*]" = UIStatusBarStyleDefault;
				INFOPLIST_KEY_UISupportedInterfaceOrientations_iPad = "UIInterfaceOrientationPortrait UIInterfaceOrientationPortraitUpsideDown UIInterfaceOrientationLandscapeLeft UIInterfaceOrientationLandscapeRight";
				INFOPLIST_KEY_UISupportedInterfaceOrientations_iPhone = "UIInterfaceOrientationPortrait UIInterfaceOrientationLandscapeLeft UIInterfaceOrientationLandscapeRight";
				IPHONEOS_DEPLOYMENT_TARGET = 15.6;
				LD_RUNPATH_SEARCH_PATHS = "@executable_path/Frameworks";
				"LD_RUNPATH_SEARCH_PATHS[sdk=macosx*]" = "@executable_path/../Frameworks";
				MACOSX_DEPLOYMENT_TARGET = 13.1;
				MARKETING_VERSION = 1.0;
				PRODUCT_BUNDLE_IDENTIFIER = ".-Capstone";
				PRODUCT_NAME = "$(TARGET_NAME)";
				SDKROOT = auto;
				SUPPORTED_PLATFORMS = "iphoneos iphonesimulator macosx";
				SWIFT_EMIT_LOC_STRINGS = YES;
				SWIFT_VERSION = 5.0;
				TARGETED_DEVICE_FAMILY = "1,2";
			};
			name = Release;
		};
		4334B11A29D48CF000C05B44 /* Debug */ = {
			isa = XCBuildConfiguration;
			buildSettings = {
				ALWAYS_EMBED_SWIFT_STANDARD_LIBRARIES = YES;
				BUNDLE_LOADER = "$(TEST_HOST)";
				CODE_SIGN_STYLE = Automatic;
				CURRENT_PROJECT_VERSION = 1;
				DEVELOPMENT_TEAM = ZGJYX7HZ7U;
				GENERATE_INFOPLIST_FILE = YES;
				IPHONEOS_DEPLOYMENT_TARGET = 16.2;
				MACOSX_DEPLOYMENT_TARGET = 13.1;
				MARKETING_VERSION = 1.0;
				PRODUCT_BUNDLE_IDENTIFIER = "-.CapstoneTests";
				PRODUCT_NAME = "$(TARGET_NAME)";
				SDKROOT = auto;
				SUPPORTED_PLATFORMS = "iphoneos iphonesimulator macosx";
				SWIFT_EMIT_LOC_STRINGS = NO;
				SWIFT_VERSION = 5.0;
				TARGETED_DEVICE_FAMILY = "1,2";
				TEST_HOST = "$(BUILT_PRODUCTS_DIR)/Capstone.app/$(BUNDLE_EXECUTABLE_FOLDER_PATH)/Capstone";
			};
			name = Debug;
		};
		4334B11B29D48CF000C05B44 /* Release */ = {
			isa = XCBuildConfiguration;
			buildSettings = {
				ALWAYS_EMBED_SWIFT_STANDARD_LIBRARIES = YES;
				BUNDLE_LOADER = "$(TEST_HOST)";
				CODE_SIGN_STYLE = Automatic;
				CURRENT_PROJECT_VERSION = 1;
				DEVELOPMENT_TEAM = ZGJYX7HZ7U;
				GENERATE_INFOPLIST_FILE = YES;
				IPHONEOS_DEPLOYMENT_TARGET = 16.2;
				MACOSX_DEPLOYMENT_TARGET = 13.1;
				MARKETING_VERSION = 1.0;
				PRODUCT_BUNDLE_IDENTIFIER = "-.CapstoneTests";
				PRODUCT_NAME = "$(TARGET_NAME)";
				SDKROOT = auto;
				SUPPORTED_PLATFORMS = "iphoneos iphonesimulator macosx";
				SWIFT_EMIT_LOC_STRINGS = NO;
				SWIFT_VERSION = 5.0;
				TARGETED_DEVICE_FAMILY = "1,2";
				TEST_HOST = "$(BUILT_PRODUCTS_DIR)/Capstone.app/$(BUNDLE_EXECUTABLE_FOLDER_PATH)/Capstone";
			};
			name = Release;
		};
		4334B11D29D48CF000C05B44 /* Debug */ = {
			isa = XCBuildConfiguration;
			buildSettings = {
				ALWAYS_EMBED_SWIFT_STANDARD_LIBRARIES = YES;
				CODE_SIGN_STYLE = Automatic;
				CURRENT_PROJECT_VERSION = 1;
				DEVELOPMENT_TEAM = ZGJYX7HZ7U;
				GENERATE_INFOPLIST_FILE = YES;
				IPHONEOS_DEPLOYMENT_TARGET = 16.2;
				MACOSX_DEPLOYMENT_TARGET = 13.1;
				MARKETING_VERSION = 1.0;
				PRODUCT_BUNDLE_IDENTIFIER = "-.CapstoneUITests";
				PRODUCT_NAME = "$(TARGET_NAME)";
				SDKROOT = auto;
				SUPPORTED_PLATFORMS = "iphoneos iphonesimulator macosx";
				SWIFT_EMIT_LOC_STRINGS = NO;
				SWIFT_VERSION = 5.0;
				TARGETED_DEVICE_FAMILY = "1,2";
				TEST_TARGET_NAME = Capstone;
			};
			name = Debug;
		};
		4334B11E29D48CF000C05B44 /* Release */ = {
			isa = XCBuildConfiguration;
			buildSettings = {
				ALWAYS_EMBED_SWIFT_STANDARD_LIBRARIES = YES;
				CODE_SIGN_STYLE = Automatic;
				CURRENT_PROJECT_VERSION = 1;
				DEVELOPMENT_TEAM = ZGJYX7HZ7U;
				GENERATE_INFOPLIST_FILE = YES;
				IPHONEOS_DEPLOYMENT_TARGET = 16.2;
				MACOSX_DEPLOYMENT_TARGET = 13.1;
				MARKETING_VERSION = 1.0;
				PRODUCT_BUNDLE_IDENTIFIER = "-.CapstoneUITests";
				PRODUCT_NAME = "$(TARGET_NAME)";
				SDKROOT = auto;
				SUPPORTED_PLATFORMS = "iphoneos iphonesimulator macosx";
				SWIFT_EMIT_LOC_STRINGS = NO;
				SWIFT_VERSION = 5.0;
				TARGETED_DEVICE_FAMILY = "1,2";
				TEST_TARGET_NAME = Capstone;
			};
			name = Release;
		};
/* End XCBuildConfiguration section */

/* Begin XCConfigurationList section */
		4334B0EC29D48CED00C05B44 /* Build configuration list for PBXProject "Capstone" */ = {
			isa = XCConfigurationList;
			buildConfigurations = (
				4334B11429D48CF000C05B44 /* Debug */,
				4334B11529D48CF000C05B44 /* Release */,
			);
			defaultConfigurationIsVisible = 0;
			defaultConfigurationName = Release;
		};
		4334B11629D48CF000C05B44 /* Build configuration list for PBXNativeTarget "Capstone" */ = {
			isa = XCConfigurationList;
			buildConfigurations = (
				4334B11729D48CF000C05B44 /* Debug */,
				4334B11829D48CF000C05B44 /* Release */,
			);
			defaultConfigurationIsVisible = 0;
			defaultConfigurationName = Release;
		};
		4334B11929D48CF000C05B44 /* Build configuration list for PBXNativeTarget "CapstoneTests" */ = {
			isa = XCConfigurationList;
			buildConfigurations = (
				4334B11A29D48CF000C05B44 /* Debug */,
				4334B11B29D48CF000C05B44 /* Release */,
			);
			defaultConfigurationIsVisible = 0;
			defaultConfigurationName = Release;
		};
		4334B11C29D48CF000C05B44 /* Build configuration list for PBXNativeTarget "CapstoneUITests" */ = {
			isa = XCConfigurationList;
			buildConfigurations = (
				4334B11D29D48CF000C05B44 /* Debug */,
				4334B11E29D48CF000C05B44 /* Release */,
			);
			defaultConfigurationIsVisible = 0;
			defaultConfigurationName = Release;
		};
/* End XCConfigurationList section */

/* Begin XCRemoteSwiftPackageReference section */
		4395A9F229FD3E1B005ACCD7 /* XCRemoteSwiftPackageReference "Swift-JWT" */ = {
			isa = XCRemoteSwiftPackageReference;
			repositoryURL = "https://github.com/IBM-Swift/Swift-JWT.git";
			requirement = {
				kind = upToNextMajorVersion;
				minimumVersion = 4.0.0;
			};
		};
		43AF40C329FEA2A400BD2D95 /* XCRemoteSwiftPackageReference "PhoneNumberKit" */ = {
			isa = XCRemoteSwiftPackageReference;
			repositoryURL = "https://github.com/marmelroy/PhoneNumberKit";
			requirement = {
				kind = upToNextMajorVersion;
				minimumVersion = 3.0.0;
			};
		};
/* End XCRemoteSwiftPackageReference section */

/* Begin XCSwiftPackageProductDependency section */
		4395A9F329FD3E1C005ACCD7 /* SwiftJWT */ = {
			isa = XCSwiftPackageProductDependency;
			package = 4395A9F229FD3E1B005ACCD7 /* XCRemoteSwiftPackageReference "Swift-JWT" */;
			productName = SwiftJWT;
		};
		43AF40C429FEA2A400BD2D95 /* PhoneNumberKit */ = {
			isa = XCSwiftPackageProductDependency;
			package = 43AF40C329FEA2A400BD2D95 /* XCRemoteSwiftPackageReference "PhoneNumberKit" */;
			productName = PhoneNumberKit;
		};
/* End XCSwiftPackageProductDependency section */
	};
	rootObject = 4334B0E929D48CED00C05B44 /* Project object */;
}
